<?xml version="1.0" encoding="UTF-8"?>
<Project ToolsVersion="14.0" xmlns="http://schemas.microsoft.com/developer/msbuild/2003">
  <ItemGroup>
    <CustomBuild Include="C:\Users\mathu\Downloads\zetaglest-source-develop\mk\windows\dependencies\src\sdl2\build\CMakeFiles\4e2a671c47f3be4f52227096a544e2c0\INSTALL_force.rule">
      <Filter>CMake Rules</Filter>
    </CustomBuild>
  </ItemGroup>
  <ItemGroup>
    <Filter Include="CMake Rules">
      <UniqueIdentifier>{94361B84-0FD1-3272-A95D-B6A7073AB2CB}</UniqueIdentifier>
    </Filter>
  </ItemGroup>
</Project>
